
Microsoft Visual Studio Solution File, Format Version 12.00
# Visual Studio 2013
VisualStudioVersion = 12.0.21005.1
MinimumVisualStudioVersion = 10.0.40219.1
Project("{8BC9CEB8-8B4A-11D0-8D11-00A0C91BC942}") = "第三节课", "第三节课\第三节课.vcxproj", "{81E575A5-5B92-4EE9-80E3-ADFDF2D9DB02}"
EndProject
Project("{8BC9CEB8-8B4A-11D0-8D11-00A0C91BC942}") = "第四节课", "..\第四节课\第四节课\第四节课.vcxproj", "{489AC65B-F079-483C-A952-BFA6042986AC}"
EndProject
Global
	GlobalSection(SolutionConfigurationPlatforms) = preSolution
		Debug|Win32 = Debug|Win32
		Release|Win32 = Release|Win32
	EndGlobalSection
	GlobalSection(ProjectConfigurationPlatforms) = postSolution
		{81E575A5-5B92-4EE9-80E3-ADFDF2D9DB02}.Debug|Win32.ActiveCfg = Debug|Win32
		{81E575A5-5B92-4EE9-80E3-ADFDF2D9DB02}.Debug|Win32.Build.0 = Debug|Win32
		{81E575A5-5B92-4EE9-80E3-ADFDF2D9DB02}.Release|Win32.ActiveCfg = Release|Win32
		{81E575A5-5B92-4EE9-80E3-ADFDF2D9DB02}.Release|Win32.Build.0 = Release|Win32
		{489AC65B-F079-483C-A952-BFA6042986AC}.Debug|Win32.ActiveCfg = Debug|Win32
		{489AC65B-F079-483C-A952-BFA6042986AC}.Debug|Win32.Build.0 = Debug|Win32
		{489AC65B-F079-483C-A952-BFA6042986AC}.Release|Win32.ActiveCfg = Release|Win32
		{489AC65B-F079-483C-A952-BFA6042986AC}.Release|Win32.Build.0 = Release|Win32
	EndGlobalSection
	GlobalSection(SolutionProperties) = preSolution
		HideSolutionNode = FALSE
	EndGlobalSection
EndGlobal
